// !$*UTF8*$!
{
	archiveVersion = 1;
	classes = {
	};
	objectVersion = 46;
	objects = {

/* Begin PBXBuildFile section */
		EA4A8F391DA8DC4600DC49DD /* main.m in Sources */ = {isa = PBXBuildFile; fileRef = EA4A8F381DA8DC4600DC49DD /* main.m */; };
		EA4A8F3C1DA8DC4600DC49DD /* AppDelegate.m in Sources */ = {isa = PBXBuildFile; fileRef = EA4A8F3B1DA8DC4600DC49DD /* AppDelegate.m */; };
		EA4A8F3F1DA8DC4600DC49DD /* ViewController.m in Sources */ = {isa = PBXBuildFile; fileRef = EA4A8F3E1DA8DC4600DC49DD /* ViewController.m */; };
		EA4A8F421DA8DC4600DC49DD /* Main.storyboard in Resources */ = {isa = PBXBuildFile; fileRef = EA4A8F401DA8DC4600DC49DD /* Main.storyboard */; };
		EA4A8F441DA8DC4600DC49DD /* Assets.xcassets in Resources */ = {isa = PBXBuildFile; fileRef = EA4A8F431DA8DC4600DC49DD /* Assets.xcassets */; };
		EA4A8F471DA8DC4600DC49DD /* LaunchScreen.storyboard in Resources */ = {isa = PBXBuildFile; fileRef = EA4A8F451DA8DC4600DC49DD /* LaunchScreen.storyboard */; };
		EA4A8F511DA8DCE200DC49DD /* VXXEncryptionTools.m in Sources */ = {isa = PBXBuildFile; fileRef = EA4A8F501DA8DCE200DC49DD /* VXXEncryptionTools.m */; };
/* End PBXBuildFile section */

/* Begin PBXFileReference section */
		EA4A8F341DA8DC4600DC49DD /* 加密算法Demo.app */ = {isa = PBXFileReference; explicitFileType = wrapper.application; includeInIndex = 0; path = "加密算法Demo.app"; sourceTree = BUILT_PRODUCTS_DIR; };
		EA4A8F381DA8DC4600DC49DD /* main.m */ = {isa = PBXFileReference; lastKnownFileType = sourcecode.c.objc; path = main.m; sourceTree = "<group>"; };
		EA4A8F3A1DA8DC4600DC49DD /* AppDelegate.h */ = {isa = PBXFileReference; lastKnownFileType = sourcecode.c.h; path = AppDelegate.h; sourceTree = "<group>"; };
		EA4A8F3B1DA8DC4600DC49DD /* AppDelegate.m */ = {isa = PBXFileReference; lastKnownFileType = sourcecode.c.objc; path = AppDelegate.m; sourceTree = "<group>"; };
		EA4A8F3D1DA8DC4600DC49DD /* ViewController.h */ = {isa = PBXFileReference; lastKnownFileType = sourcecode.c.h; path = ViewController.h; sourceTree = "<group>"; };
		EA4A8F3E1DA8DC4600DC49DD /* ViewController.m */ = {isa = PBXFileReference; lastKnownFileType = sourcecode.c.objc; path = ViewController.m; sourceTree = "<group>"; };
		EA4A8F411DA8DC4600DC49DD /* Base */ = {isa = PBXFileReference; lastKnownFileType = file.storyboard; name = Base; path = Base.lproj/Main.storyboard; sourceTree = "<group>"; };
		EA4A8F431DA8DC4600DC49DD /* Assets.xcassets */ = {isa = PBXFileReference; lastKnownFileType = folder.assetcatalog; path = Assets.xcassets; sourceTree = "<group>"; };
		EA4A8F461DA8DC4600DC49DD /* Base */ = {isa = PBXFileReference; lastKnownFileType = file.storyboard; name = Base; path = Base.lproj/LaunchScreen.storyboard; sourceTree = "<group>"; };
		EA4A8F481DA8DC4600DC49DD /* Info.plist */ = {isa = PBXFileReference; lastKnownFileType = text.plist.xml; path = Info.plist; sourceTree = "<group>"; };
		EA4A8F4F1DA8DCE200DC49DD /* VXXEncryptionTools.h */ = {isa = PBXFileReference; fileEncoding = 4; lastKnownFileType = sourcecode.c.h; path = VXXEncryptionTools.h; sourceTree = "<group>"; };
		EA4A8F501DA8DCE200DC49DD /* VXXEncryptionTools.m */ = {isa = PBXFileReference; fileEncoding = 4; lastKnownFileType = sourcecode.c.objc; path = VXXEncryptionTools.m; sourceTree = "<group>"; };
/* End PBXFileReference section */

/* Begin PBXFrameworksBuildPhase section */
		EA4A8F311DA8DC4600DC49DD /* Frameworks */ = {
			isa = PBXFrameworksBuildPhase;
			buildActionMask = 2147483647;
			files = (
			);
			runOnlyForDeploymentPostprocessing = 0;
		};
/* End PBXFrameworksBuildPhase section */

/* Begin PBXGroup section */
		EA4A8F2B1DA8DC4600DC49DD = {
			isa = PBXGroup;
			children = (
				EA4A8F361DA8DC4600DC49DD /* 加密算法Demo */,
				EA4A8F351DA8DC4600DC49DD /* Products */,
			);
			sourceTree = "<group>";
		};
		EA4A8F351DA8DC4600DC49DD /* Products */ = {
			isa = PBXGroup;
			children = (
				EA4A8F341DA8DC4600DC49DD /* 加密算法Demo.app */,
			);
			name = Products;
			sourceTree = "<group>";
		};
		EA4A8F361DA8DC4600DC49DD /* 加密算法Demo */ = {
			isa = PBXGroup;
			children = (
				EA4A8F4E1DA8DCE200DC49DD /* VXXEncryption */,
				EA4A8F3A1DA8DC4600DC49DD /* AppDelegate.h */,
				EA4A8F3B1DA8DC4600DC49DD /* AppDelegate.m */,
				EA4A8F3D1DA8DC4600DC49DD /* ViewController.h */,
				EA4A8F3E1DA8DC4600DC49DD /* ViewController.m */,
				EA4A8F401DA8DC4600DC49DD /* Main.storyboard */,
				EA4A8F431DA8DC4600DC49DD /* Assets.xcassets */,
				EA4A8F451DA8DC4600DC49DD /* LaunchScreen.storyboard */,
				EA4A8F481DA8DC4600DC49DD /* Info.plist */,
				EA4A8F371DA8DC4600DC49DD /* Supporting Files */,
			);
			path = "加密算法Demo";
			sourceTree = "<group>";
		};
		EA4A8F371DA8DC4600DC49DD /* Supporting Files */ = {
			isa = PBXGroup;
			children = (
				EA4A8F381DA8DC4600DC49DD /* main.m */,
			);
			name = "Supporting Files";
			sourceTree = "<group>";
		};
		EA4A8F4E1DA8DCE200DC49DD /* VXXEncryption */ = {
			isa = PBXGroup;
			children = (
				EA4A8F4F1DA8DCE200DC49DD /* VXXEncryptionTools.h */,
				EA4A8F501DA8DCE200DC49DD /* VXXEncryptionTools.m */,
			);
			path = VXXEncryption;
			sourceTree = "<group>";
		};
/* End PBXGroup section */

/* Begin PBXNativeTarget section */
		EA4A8F331DA8DC4600DC49DD /* 加密算法Demo */ = {
			isa = PBXNativeTarget;
			buildConfigurationList = EA4A8F4B1DA8DC4600DC49DD /* Build configuration list for PBXNativeTarget "加密算法Demo" */;
			buildPhases = (
				EA4A8F301DA8DC4600DC49DD /* Sources */,
				EA4A8F311DA8DC4600DC49DD /* Frameworks */,
				EA4A8F321DA8DC4600DC49DD /* Resources */,
			);
			buildRules = (
			);
			dependencies = (
			);
			name = "加密算法Demo";
			productName = "加密算法Demo";
			productReference = EA4A8F341DA8DC4600DC49DD /* 加密算法Demo.app */;
			productType = "com.apple.product-type.application";
		};
/* End PBXNativeTarget section */

/* Begin PBXProject section */
		EA4A8F2C1DA8DC4600DC49DD /* Project object */ = {
			isa = PBXProject;
			attributes = {
				LastUpgradeCheck = 0800;
				ORGANIZATIONNAME = "Volitation小星";
				TargetAttributes = {
					EA4A8F331DA8DC4600DC49DD = {
						CreatedOnToolsVersion = 8.0;
						DevelopmentTeam = GCFW8EF2TE;
						ProvisioningStyle = Automatic;
					};
				};
			};
			buildConfigurationList = EA4A8F2F1DA8DC4600DC49DD /* Build configuration list for PBXProject "加密算法Demo" */;
			compatibilityVersion = "Xcode 3.2";
			developmentRegion = English;
			hasScannedForEncodings = 0;
			knownRegions = (
				en,
				Base,
			);
			mainGroup = EA4A8F2B1DA8DC4600DC49DD;
			productRefGroup = EA4A8F351DA8DC4600DC49DD /* Products */;
			projectDirPath = "";
			projectRoot = "";
			targets = (
				EA4A8F331DA8DC4600DC49DD /* 加密算法Demo */,
			);
		};
/* End PBXProject section */

/* Begin PBXResourcesBuildPhase section */
		EA4A8F321DA8DC4600DC49DD /* Resources */ = {
			isa = PBXResourcesBuildPhase;
			buildActionMask = 2147483647;
			files = (
				EA4A8F471DA8DC4600DC49DD /* LaunchScreen.storyboard in Resources */,
				EA4A8F441DA8DC4600DC49DD /* Assets.xcassets in Resources */,
				EA4A8F421DA8DC4600DC49DD /* Main.storyboard in Resources */,
			);
			runOnlyForDeploymentPostprocessing = 0;
		};
/* End PBXResourcesBuildPhase section */

/* Begin PBXSourcesBuildPhase section */
		EA4A8F301DA8DC4600DC49DD /* Sources */ = {
			isa = PBXSourcesBuildPhase;
			buildActionMask = 2147483647;
			files = (
				EA4A8F3F1DA8DC4600DC49DD /* ViewController.m in Sources */,
				EA4A8F511DA8DCE200DC49DD /* VXXEncryptionTools.m in Sources */,
				EA4A8F3C1DA8DC4600DC49DD /* AppDelegate.m in Sources */,
				EA4A8F391DA8DC4600DC49DD /* main.m in Sources */,
			);
			runOnlyForDeploymentPostprocessing = 0;
		};
/* End PBXSourcesBuildPhase section */

/* Begin PBXVariantGroup section */
		EA4A8F401DA8DC4600DC49DD /* Main.storyboard */ = {
			isa = PBXVariantGroup;
			children = (
				EA4A8F411DA8DC4600DC49DD /* Base */,
			);
			name = Main.storyboard;
			sourceTree = "<group>";
		};
		EA4A8F451DA8DC4600DC49DD /* LaunchScreen.storyboard */ = {
			isa = PBXVariantGroup;
			children = (
				EA4A8F461DA8DC4600DC49DD /* Base */,
			);
			name = LaunchScreen.storyboard;
			sourceTree = "<group>";
		};
/* End PBXVariantGroup section */

/* Begin XCBuildConfiguration section */
		EA4A8F491DA8DC4600DC49DD /* Debug */ = {
			isa = XCBuildConfiguration;
			buildSettings = {
				ALWAYS_SEARCH_USER_PATHS = NO;
				CLANG_ANALYZER_NONNULL = YES;
				CLANG_CXX_LANGUAGE_STANDARD = "gnu++0x";
				CLANG_CXX_LIBRARY = "libc++";
				CLANG_ENABLE_MODULES = YES;
				CLANG_ENABLE_OBJC_ARC = YES;
				CLANG_WARN_BOOL_CONVERSION = YES;
				CLANG_WARN_CONSTANT_CONVERSION = YES;
				CLANG_WARN_DIRECT_OBJC_ISA_USAGE = YES_ERROR;
				CLANG_WARN_DOCUMENTATION_COMMENTS = YES;
				CLANG_WARN_EMPTY_BODY = YES;
				CLANG_WARN_ENUM_CONVERSION = YES;
				CLANG_WARN_INFINITE_RECURSION = YES;
				CLANG_WARN_INT_CONVERSION = YES;
				CLANG_WARN_OBJC_ROOT_CLASS = YES_ERROR;
				CLANG_WARN_SUSPICIOUS_MOVES = YES;
				CLANG_WARN_UNREACHABLE_CODE = YES;
				CLANG_WARN__DUPLICATE_METHOD_MATCH = YES;
				"CODE_SIGN_IDENTITY[sdk=iphoneos*]" = "iPhone Developer";
				COPY_PHASE_STRIP = NO;
				DEBUG_INFORMATION_FORMAT = dwarf;
				ENABLE_STRICT_OBJC_MSGSEND = YES;
				ENABLE_TESTABILITY = YES;
				GCC_C_LANGUAGE_STANDARD = gnu99;
				GCC_DYNAMIC_NO_PIC = NO;
				GCC_NO_COMMON_BLOCKS = YES;
				GCC_OPTIMIZATION_LEVEL = 0;
				GCC_PREPROCESSOR_DEFINITIONS = (
					"DEBUG=1",
					"$(inherited)",
				);
				GCC_WARN_64_TO_32_BIT_CONVERSION = YES;
				GCC_WARN_ABOUT_RETURN_TYPE = YES_ERROR;
				GCC_WARN_UNDECLARED_SELECTOR = YES;
				GCC_WARN_UNINITIALIZED_AUTOS = YES_AGGRESSIVE;
				GCC_WARN_UNUSED_FUNCTION = YES;
				GCC_WARN_UNUSED_VARIABLE = YES;
				IPHONEOS_DEPLOYMENT_TARGET = 10.0;
				MTL_ENABLE_DEBUG_INFO = YES;
				ONLY_ACTIVE_ARCH = YES;
				SDKROOT = iphoneos;
				TARGETED_DEVICE_FAMILY = "1,2";
			};
			name = Debug;
		};
		EA4A8F4A1DA8DC4600DC49DD /* Release */ = {
			isa = XCBuildConfiguration;
			buildSettings = {
				ALWAYS_SEARCH_USER_PATHS = NO;
				CLANG_ANALYZER_NONNULL = YES;
				CLANG_CXX_LANGUAGE_STANDARD = "gnu++0x";
				CLANG_CXX_LIBRARY = "libc++";
				CLANG_ENABLE_MODULES = YES;
				CLANG_ENABLE_OBJC_ARC = YES;
				CLANG_WARN_BOOL_CONVERSION = YES;
				CLANG_WARN_CONSTANT_CONVERSION = YES;
				CLANG_WARN_DIRECT_OBJC_ISA_USAGE = YES_ERROR;
				CLANG_WARN_DOCUMENTATION_COMMENTS = YES;
				CLANG_WARN_EMPTY_BODY = YES;
				CLANG_WARN_ENUM_CONVERSION = YES;
				CLANG_WARN_INFINITE_RECURSION = YES;
				CLANG_WARN_INT_CONVERSION = YES;
				CLANG_WARN_OBJC_ROOT_CLASS = YES_ERROR;
				CLANG_WARN_SUSPICIOUS_MOVES = YES;
				CLANG_WARN_UNREACHABLE_CODE = YES;
				CLANG_WARN__DUPLICATE_METHOD_MATCH = YES;
				"CODE_SIGN_IDENTITY[sdk=iphoneos*]" = "iPhone Developer";
				COPY_PHASE_STRIP = NO;
				DEBUG_INFORMATION_FORMAT = "dwarf-with-dsym";
				ENABLE_NS_ASSERTIONS = NO;
				ENABLE_STRICT_OBJC_MSGSEND = YES;
				GCC_C_LANGUAGE_STANDARD = gnu99;
				GCC_NO_COMMON_BLOCKS = YES;
				GCC_WARN_64_TO_32_BIT_CONVERSION = YES;
				GCC_WARN_ABOUT_RETURN_TYPE = YES_ERROR;
				GCC_WARN_UNDECLARED_SELECTOR = YES;
				GCC_WARN_UNINITIALIZED_AUTOS = YES_AGGRESSIVE;
				GCC_WARN_UNUSED_FUNCTION = YES;
				GCC_WARN_UNUSED_VARIABLE = YES;
				IPHONEOS_DEPLOYMENT_TARGET = 10.0;
				MTL_ENABLE_DEBUG_INFO = NO;
				SDKROOT = iphoneos;
				TARGETED_DEVICE_FAMILY = "1,2";
				VALIDATE_PRODUCT = YES;
			};
			name = Release;
		};
		EA4A8F4C1DA8DC4600DC49DD /* Debug */ = {
			isa = XCBuildConfiguration;
			buildSettings = {
				ASSETCATALOG_COMPILER_APPICON_NAME = AppIcon;
				DEVELOPMENT_TEAM = GCFW8EF2TE;
				INFOPLIST_FILE = "加密算法Demo/Info.plist";
				LD_RUNPATH_SEARCH_PATHS = "$(inherited) @executable_path/Frameworks";
				PRODUCT_BUNDLE_IDENTIFIER = "com.volitationxiaoxing.----Demo";
				PRODUCT_NAME = "$(TARGET_NAME)";
			};
			name = Debug;
		};
		EA4A8F4D1DA8DC4600DC49DD /* Release */ = {
			isa = XCBuildConfiguration;
			buildSettings = {
				ASSETCATALOG_COMPILER_APPICON_NAME = AppIcon;
				DEVELOPMENT_TEAM = GCFW8EF2TE;
				INFOPLIST_FILE = "加密算法Demo/Info.plist";
				LD_RUNPATH_SEARCH_PATHS = "$(inherited) @executable_path/Frameworks";
				PRODUCT_BUNDLE_IDENTIFIER = "com.volitationxiaoxing.----Demo";
				PRODUCT_NAME = "$(TARGET_NAME)";
			};
			name = Release;
		};
/* End XCBuildConfiguration section */

/* Begin XCConfigurationList section */
		EA4A8F2F1DA8DC4600DC49DD /* Build configuration list for PBXProject "加密算法Demo" */ = {
			isa = XCConfigurationList;
			buildConfigurations = (
				EA4A8F491DA8DC4600DC49DD /* Debug */,
				EA4A8F4A1DA8DC4600DC49DD /* Release */,
			);
			defaultConfigurationIsVisible = 0;
			defaultConfigurationName = Release;
		};
		EA4A8F4B1DA8DC4600DC49DD /* Build configuration list for PBXNativeTarget "加密算法Demo" */ = {
			isa = XCConfigurationList;
			buildConfigurations = (
				EA4A8F4C1DA8DC4600DC49DD /* Debug */,
				EA4A8F4D1DA8DC4600DC49DD /* Release */,
			);
			defaultConfigurationIsVisible = 0;
		};
/* End XCConfigurationList section */
	};
	rootObject = EA4A8F2C1DA8DC4600DC49DD /* Project object */;
}
