// !$*UTF8*$!
{
	archiveVersion = 1;
	classes = {
	};
	objectVersion = 46;
	objects = {

/* Begin PBXBuildFile section */
		FC40A5441DDC8B74007DF72D /* main.m in Sources */ = {isa = PBXBuildFile; fileRef = FC40A5431DDC8B74007DF72D /* main.m */; };
/* End PBXBuildFile section */

/* Begin PBXCopyFilesBuildPhase section */
		FC40A53E1DDC8B74007DF72D /* CopyFiles */ = {
			isa = PBXCopyFilesBuildPhase;
			buildActionMask = 2147483647;
			dstPath = /usr/share/man/man1/;
			dstSubfolderSpec = 0;
			files = (
			);
			runOnlyForDeploymentPostprocessing = 1;
		};
/* End PBXCopyFilesBuildPhase section */

/* Begin PBXFileReference section */
		FC40A5401DDC8B74007DF72D /* 加密算法Demo */ = {isa = PBXFileReference; explicitFileType = "compiled.mach-o.executable"; includeInIndex = 0; path = "加密算法Demo"; sourceTree = BUILT_PRODUCTS_DIR; };
		FC40A5431DDC8B74007DF72D /* main.m */ = {isa = PBXFileReference; lastKnownFileType = sourcecode.c.objc; path = main.m; sourceTree = "<group>"; };
		FC40A54B1DDC8B98007DF72D /* VXXCryptionTools.h */ = {isa = PBXFileReference; lastKnownFileType = sourcecode.c.h; path = VXXCryptionTools.h; sourceTree = "<group>"; };
		FC40A54C1DDC8B98007DF72D /* VXXCryptionTools.m */ = {isa = PBXFileReference; lastKnownFileType = sourcecode.c.objc; path = VXXCryptionTools.m; sourceTree = "<group>"; };
/* End PBXFileReference section */

/* Begin PBXFrameworksBuildPhase section */
		FC40A53D1DDC8B74007DF72D /* Frameworks */ = {
			isa = PBXFrameworksBuildPhase;
			buildActionMask = 2147483647;
			files = (
			);
			runOnlyForDeploymentPostprocessing = 0;
		};
/* End PBXFrameworksBuildPhase section */

/* Begin PBXGroup section */
		FC40A5371DDC8B74007DF72D = {
			isa = PBXGroup;
			children = (
				FC40A5421DDC8B74007DF72D /* 加密算法Demo */,
				FC40A5411DDC8B74007DF72D /* Products */,
			);
			sourceTree = "<group>";
		};
		FC40A5411DDC8B74007DF72D /* Products */ = {
			isa = PBXGroup;
			children = (
				FC40A5401DDC8B74007DF72D /* 加密算法Demo */,
			);
			name = Products;
			sourceTree = "<group>";
		};
		FC40A5421DDC8B74007DF72D /* 加密算法Demo */ = {
			isa = PBXGroup;
			children = (
				FC40A54A1DDC8B98007DF72D /* VXXEncryption */,
				FC40A5431DDC8B74007DF72D /* main.m */,
			);
			path = "加密算法Demo";
			sourceTree = "<group>";
		};
		FC40A54A1DDC8B98007DF72D /* VXXEncryption */ = {
			isa = PBXGroup;
			children = (
				FC40A54B1DDC8B98007DF72D /* VXXCryptionTools.h */,
				FC40A54C1DDC8B98007DF72D /* VXXCryptionTools.m */,
			);
			path = VXXEncryption;
			sourceTree = "<group>";
		};
/* End PBXGroup section */

/* Begin PBXNativeTarget section */
		FC40A53F1DDC8B74007DF72D /* 加密算法Demo */ = {
			isa = PBXNativeTarget;
			buildConfigurationList = FC40A5471DDC8B74007DF72D /* Build configuration list for PBXNativeTarget "加密算法Demo" */;
			buildPhases = (
				FC40A53C1DDC8B74007DF72D /* Sources */,
				FC40A53D1DDC8B74007DF72D /* Frameworks */,
				FC40A53E1DDC8B74007DF72D /* CopyFiles */,
			);
			buildRules = (
			);
			dependencies = (
			);
			name = "加密算法Demo";
			productName = "加密算法Demo";
			productReference = FC40A5401DDC8B74007DF72D /* 加密算法Demo */;
			productType = "com.apple.product-type.tool";
		};
/* End PBXNativeTarget section */

/* Begin PBXProject section */
		FC40A5381DDC8B74007DF72D /* Project object */ = {
			isa = PBXProject;
			attributes = {
				LastUpgradeCheck = 0800;
				ORGANIZATIONNAME = VolitationXiaoXing;
				TargetAttributes = {
					FC40A53F1DDC8B74007DF72D = {
						CreatedOnToolsVersion = 8.0;
						DevelopmentTeam = GCFW8EF2TE;
						ProvisioningStyle = Automatic;
					};
				};
			};
			buildConfigurationList = FC40A53B1DDC8B74007DF72D /* Build configuration list for PBXProject "加密算法Demo" */;
			compatibilityVersion = "Xcode 3.2";
			developmentRegion = English;
			hasScannedForEncodings = 0;
			knownRegions = (
				en,
			);
			mainGroup = FC40A5371DDC8B74007DF72D;
			productRefGroup = FC40A5411DDC8B74007DF72D /* Products */;
			projectDirPath = "";
			projectRoot = "";
			targets = (
				FC40A53F1DDC8B74007DF72D /* 加密算法Demo */,
			);
		};
/* End PBXProject section */

/* Begin PBXSourcesBuildPhase section */
		FC40A53C1DDC8B74007DF72D /* Sources */ = {
			isa = PBXSourcesBuildPhase;
			buildActionMask = 2147483647;
			files = (
				FC40A5441DDC8B74007DF72D /* main.m in Sources */,
			);
			runOnlyForDeploymentPostprocessing = 0;
		};
/* End PBXSourcesBuildPhase section */

/* Begin XCBuildConfiguration section */
		FC40A5451DDC8B74007DF72D /* Debug */ = {
			isa = XCBuildConfiguration;
			buildSettings = {
				ALWAYS_SEARCH_USER_PATHS = NO;
				CLANG_ANALYZER_NONNULL = YES;
				CLANG_CXX_LANGUAGE_STANDARD = "gnu++0x";
				CLANG_CXX_LIBRARY = "libc++";
				CLANG_ENABLE_MODULES = YES;
				CLANG_ENABLE_OBJC_ARC = YES;
				CLANG_WARN_BOOL_CONVERSION = YES;
				CLANG_WARN_CONSTANT_CONVERSION = YES;
				CLANG_WARN_DIRECT_OBJC_ISA_USAGE = YES_ERROR;
				CLANG_WARN_DOCUMENTATION_COMMENTS = YES;
				CLANG_WARN_EMPTY_BODY = YES;
				CLANG_WARN_ENUM_CONVERSION = YES;
				CLANG_WARN_INFINITE_RECURSION = YES;
				CLANG_WARN_INT_CONVERSION = YES;
				CLANG_WARN_OBJC_ROOT_CLASS = YES_ERROR;
				CLANG_WARN_SUSPICIOUS_MOVES = YES;
				CLANG_WARN_UNREACHABLE_CODE = YES;
				CLANG_WARN__DUPLICATE_METHOD_MATCH = YES;
				CODE_SIGN_IDENTITY = "-";
				COPY_PHASE_STRIP = NO;
				DEBUG_INFORMATION_FORMAT = dwarf;
				ENABLE_STRICT_OBJC_MSGSEND = YES;
				ENABLE_TESTABILITY = YES;
				GCC_C_LANGUAGE_STANDARD = gnu99;
				GCC_DYNAMIC_NO_PIC = NO;
				GCC_NO_COMMON_BLOCKS = YES;
				GCC_OPTIMIZATION_LEVEL = 0;
				GCC_PREPROCESSOR_DEFINITIONS = (
					"DEBUG=1",
					"$(inherited)",
				);
				GCC_WARN_64_TO_32_BIT_CONVERSION = YES;
				GCC_WARN_ABOUT_RETURN_TYPE = YES_ERROR;
				GCC_WARN_UNDECLARED_SELECTOR = YES;
				GCC_WARN_UNINITIALIZED_AUTOS = YES_AGGRESSIVE;
				GCC_WARN_UNUSED_FUNCTION = YES;
				GCC_WARN_UNUSED_VARIABLE = YES;
				MACOSX_DEPLOYMENT_TARGET = 10.9;
				MTL_ENABLE_DEBUG_INFO = YES;
				ONLY_ACTIVE_ARCH = YES;
				SDKROOT = macosx;
			};
			name = Debug;
		};
		FC40A5461DDC8B74007DF72D /* Release */ = {
			isa = XCBuildConfiguration;
			buildSettings = {
				ALWAYS_SEARCH_USER_PATHS = NO;
				CLANG_ANALYZER_NONNULL = YES;
				CLANG_CXX_LANGUAGE_STANDARD = "gnu++0x";
				CLANG_CXX_LIBRARY = "libc++";
				CLANG_ENABLE_MODULES = YES;
				CLANG_ENABLE_OBJC_ARC = YES;
				CLANG_WARN_BOOL_CONVERSION = YES;
				CLANG_WARN_CONSTANT_CONVERSION = YES;
				CLANG_WARN_DIRECT_OBJC_ISA_USAGE = YES_ERROR;
				CLANG_WARN_DOCUMENTATION_COMMENTS = YES;
				CLANG_WARN_EMPTY_BODY = YES;
				CLANG_WARN_ENUM_CONVERSION = YES;
				CLANG_WARN_INFINITE_RECURSION = YES;
				CLANG_WARN_INT_CONVERSION = YES;
				CLANG_WARN_OBJC_ROOT_CLASS = YES_ERROR;
				CLANG_WARN_SUSPICIOUS_MOVES = YES;
				CLANG_WARN_UNREACHABLE_CODE = YES;
				CLANG_WARN__DUPLICATE_METHOD_MATCH = YES;
				CODE_SIGN_IDENTITY = "-";
				COPY_PHASE_STRIP = NO;
				DEBUG_INFORMATION_FORMAT = "dwarf-with-dsym";
				ENABLE_NS_ASSERTIONS = NO;
				ENABLE_STRICT_OBJC_MSGSEND = YES;
				GCC_C_LANGUAGE_STANDARD = gnu99;
				GCC_NO_COMMON_BLOCKS = YES;
				GCC_WARN_64_TO_32_BIT_CONVERSION = YES;
				GCC_WARN_ABOUT_RETURN_TYPE = YES_ERROR;
				GCC_WARN_UNDECLARED_SELECTOR = YES;
				GCC_WARN_UNINITIALIZED_AUTOS = YES_AGGRESSIVE;
				GCC_WARN_UNUSED_FUNCTION = YES;
				GCC_WARN_UNUSED_VARIABLE = YES;
				MACOSX_DEPLOYMENT_TARGET = 10.9;
				MTL_ENABLE_DEBUG_INFO = NO;
				SDKROOT = macosx;
			};
			name = Release;
		};
		FC40A5481DDC8B74007DF72D /* Debug */ = {
			isa = XCBuildConfiguration;
			buildSettings = {
				DEVELOPMENT_TEAM = GCFW8EF2TE;
				PRODUCT_NAME = "$(TARGET_NAME)";
			};
			name = Debug;
		};
		FC40A5491DDC8B74007DF72D /* Release */ = {
			isa = XCBuildConfiguration;
			buildSettings = {
				DEVELOPMENT_TEAM = GCFW8EF2TE;
				PRODUCT_NAME = "$(TARGET_NAME)";
			};
			name = Release;
		};
/* End XCBuildConfiguration section */

/* Begin XCConfigurationList section */
		FC40A53B1DDC8B74007DF72D /* Build configuration list for PBXProject "加密算法Demo" */ = {
			isa = XCConfigurationList;
			buildConfigurations = (
				FC40A5451DDC8B74007DF72D /* Debug */,
				FC40A5461DDC8B74007DF72D /* Release */,
			);
			defaultConfigurationIsVisible = 0;
			defaultConfigurationName = Release;
		};
		FC40A5471DDC8B74007DF72D /* Build configuration list for PBXNativeTarget "加密算法Demo" */ = {
			isa = XCConfigurationList;
			buildConfigurations = (
				FC40A5481DDC8B74007DF72D /* Debug */,
				FC40A5491DDC8B74007DF72D /* Release */,
			);
			defaultConfigurationIsVisible = 0;
		};
/* End XCConfigurationList section */
	};
	rootObject = FC40A5381DDC8B74007DF72D /* Project object */;
}
